
Microsoft Visual Studio Solution File, Format Version 12.00
# Visual Studio Version 17
VisualStudioVersion = 17.8.34330.188
MinimumVisualStudioVersion = 10.0.40219.1
Project("{2150E333-8FDC-42A3-9474-1A3956D46DE8}") = "src", "src", "{B74A4F7E-01C0-4370-9178-BFBD378E0EB1}"
EndProject
Project("{9A19103F-16F7-4668-BE54-9A1E7A4F7556}") = "Infrastructure", "src\Infrastructure\Infrastructure.csproj", "{27214797-E59D-4F4E-8BC5-2FDAB788D268}"
EndProject
Project("{2150E333-8FDC-42A3-9474-1A3956D46DE8}") = "Solution Items", "Solution Items", "{0FD8AE58-D95D-4908-9198-09492204998B}"
	ProjectSection(SolutionItems) = preProject
		.gitignore = .gitignore
		Directory.Build.props = Directory.Build.props
		README.md = README.md
	EndProjectSection
EndProject
Project("{9A19103F-16F7-4668-BE54-9A1E7A4F7556}") = "Domain", "src\Domain\Domain.csproj", "{35E2CFE3-5C4F-4578-8180-5B119B334DC1}"
EndProject
Project("{9A19103F-16F7-4668-BE54-9A1E7A4F7556}") = "Application", "src\Application\Application.csproj", "{F8A00C75-6F92-491C-A293-9B6D5F2534BF}"
EndProject
Project("{9A19103F-16F7-4668-BE54-9A1E7A4F7556}") = "WebAPI", "src\WebAPI\WebAPI.csproj", "{A0BDC5B3-2DD6-47AD-A277-B2ED3DA6BDB8}"
EndProject
Global
	GlobalSection(SolutionConfigurationPlatforms) = preSolution
		Debug|Any CPU = Debug|Any CPU
		Release|Any CPU = Release|Any CPU
	EndGlobalSection
	GlobalSection(ProjectConfigurationPlatforms) = postSolution
		{27214797-E59D-4F4E-8BC5-2FDAB788D268}.Debug|Any CPU.ActiveCfg = Debug|Any CPU
		{27214797-E59D-4F4E-8BC5-2FDAB788D268}.Debug|Any CPU.Build.0 = Debug|Any CPU
		{27214797-E59D-4F4E-8BC5-2FDAB788D268}.Release|Any CPU.ActiveCfg = Release|Any CPU
		{27214797-E59D-4F4E-8BC5-2FDAB788D268}.Release|Any CPU.Build.0 = Release|Any CPU
		{35E2CFE3-5C4F-4578-8180-5B119B334DC1}.Debug|Any CPU.ActiveCfg = Debug|Any CPU
		{35E2CFE3-5C4F-4578-8180-5B119B334DC1}.Debug|Any CPU.Build.0 = Debug|Any CPU
		{35E2CFE3-5C4F-4578-8180-5B119B334DC1}.Release|Any CPU.ActiveCfg = Release|Any CPU
		{35E2CFE3-5C4F-4578-8180-5B119B334DC1}.Release|Any CPU.Build.0 = Release|Any CPU
		{F8A00C75-6F92-491C-A293-9B6D5F2534BF}.Debug|Any CPU.ActiveCfg = Debug|Any CPU
		{F8A00C75-6F92-491C-A293-9B6D5F2534BF}.Debug|Any CPU.Build.0 = Debug|Any CPU
		{F8A00C75-6F92-491C-A293-9B6D5F2534BF}.Release|Any CPU.ActiveCfg = Release|Any CPU
		{F8A00C75-6F92-491C-A293-9B6D5F2534BF}.Release|Any CPU.Build.0 = Release|Any CPU
		{A0BDC5B3-2DD6-47AD-A277-B2ED3DA6BDB8}.Debug|Any CPU.ActiveCfg = Debug|Any CPU
		{A0BDC5B3-2DD6-47AD-A277-B2ED3DA6BDB8}.Debug|Any CPU.Build.0 = Debug|Any CPU
		{A0BDC5B3-2DD6-47AD-A277-B2ED3DA6BDB8}.Release|Any CPU.ActiveCfg = Release|Any CPU
		{A0BDC5B3-2DD6-47AD-A277-B2ED3DA6BDB8}.Release|Any CPU.Build.0 = Release|Any CPU
	EndGlobalSection
	GlobalSection(SolutionProperties) = preSolution
		HideSolutionNode = FALSE
	EndGlobalSection
	GlobalSection(NestedProjects) = preSolution
		{27214797-E59D-4F4E-8BC5-2FDAB788D268} = {B74A4F7E-01C0-4370-9178-BFBD378E0EB1}
		{35E2CFE3-5C4F-4578-8180-5B119B334DC1} = {B74A4F7E-01C0-4370-9178-BFBD378E0EB1}
		{F8A00C75-6F92-491C-A293-9B6D5F2534BF} = {B74A4F7E-01C0-4370-9178-BFBD378E0EB1}
		{A0BDC5B3-2DD6-47AD-A277-B2ED3DA6BDB8} = {B74A4F7E-01C0-4370-9178-BFBD378E0EB1}
	EndGlobalSection
	GlobalSection(ExtensibilityGlobals) = postSolution
		SolutionGuid = {84A38482-8232-4AFD-9480-8D2A7FD503AA}
	EndGlobalSection
EndGlobal
